lockVersion: 2.0.0
id: 3b647012-da78-4412-8169-30c9795d93c1
management:
  docChecksum: d11e4c607c38b470780d0598f8624aec
  docVersion: 0.0.1
  speakeasyVersion: 1.346.1
  generationVersion: 2.379.5
  releaseVersion: 0.0.1
  configChecksum: 5bd5709978930790bfe8f97375f972ba
features:
  typescript:
    additionalDependencies: 0.1.0
    core: 3.11.10
    defaultEnabledRetries: 0.1.0
    devContainers: 2.90.0
    globalSecurityCallbacks: 0.1.0
    globalServerURLs: 2.82.4
    responseFormat: 0.2.3
    retries: 2.83.0
    sdkHooks: 0.1.0
generatedFiles:
  - src/sdk/sdk.ts
  - .eslintrc.cjs
  - .npmignore
  - RUNTIMES.md
  - jsr.json
  - package.json
  - src/index.ts
  - src/lib/base64.ts
  - src/lib/config.ts
  - src/lib/encodings.ts
  - src/lib/http.ts
  - src/lib/is-plain-object.ts
  - src/lib/primitives.ts
  - src/lib/retries.ts
  - src/lib/schemas.ts
  - src/lib/sdks.ts
  - src/lib/security.ts
  - src/lib/url.ts
  - src/sdk/index.ts
  - src/models/errors/sdkerror.ts
  - src/models/errors/sdkvalidationerror.ts
  - src/types/blobs.ts
  - src/types/enums.ts
  - src/types/index.ts
  - src/types/operations.ts
  - src/types/rfcdate.ts
  - tsconfig.json
  - src/models/components/cardinalserverhandlercqlqueryresponse.ts
  - src/models/components/pkgworlddevworldenginecardinaltypesentitystateelement.ts
  - src/models/components/cardinalserverhandlercqlqueryrequest.ts
  - src/models/components/pkgworlddevworldenginecardinaltypesdebugstateelement.ts
  - src/models/components/cardinalserverhandlergethealthresponse.ts
  - src/models/components/cardinalserverhandlerlisttxreceiptsresponse.ts
  - src/models/components/cardinalserverhandlerreceiptentry.ts
  - src/models/components/cardinalserverhandlerlisttxreceiptsrequest.ts
  - src/models/components/cardinalserverhandlerposttransactionresponse.ts
  - src/models/components/cardinalserverhandlertransaction.ts
  - src/models/components/cardinalserverhandlergetworldresponse.ts
  - src/models/components/pkgworlddevworldenginecardinaltypesfielddetail.ts
  - src/models/operations/postqueryquerygroupqueryname.ts
  - src/models/operations/posttxgametxname.ts
  - src/models/operations/posttxtxgrouptxname.ts
  - src/models/errors/index.ts
  - src/models/components/index.ts
  - src/models/operations/index.ts
  - docs/models/components/cardinalserverhandlercqlqueryresponse.md
  - docs/models/components/data.md
  - docs/models/components/pkgworlddevworldenginecardinaltypesentitystateelement.md
  - docs/models/components/cardinalserverhandlercqlqueryrequest.md
  - docs/models/components/components.md
  - docs/models/components/pkgworlddevworldenginecardinaltypesdebugstateelement.md
  - docs/models/components/cardinalserverhandlergethealthresponse.md
  - docs/models/components/cardinalserverhandlerlisttxreceiptsresponse.md
  - docs/models/components/result.md
  - docs/models/components/cardinalserverhandlerreceiptentry.md
  - docs/models/components/cardinalserverhandlerlisttxreceiptsrequest.md
  - docs/models/components/cardinalserverhandlerposttransactionresponse.md
  - docs/models/components/body.md
  - docs/models/components/cardinalserverhandlertransaction.md
  - docs/models/components/cardinalserverhandlergetworldresponse.md
  - docs/models/components/fields.md
  - docs/models/components/pkgworlddevworldenginecardinaltypesfielddetail.md
  - docs/models/operations/postqueryquerygroupquerynamerequestbody.md
  - docs/models/operations/postqueryquerygroupquerynamerequest.md
  - docs/models/operations/postqueryquerygroupquerynameresponsebody.md
  - docs/models/operations/posttxgametxnamerequest.md
  - docs/models/operations/posttxtxgrouptxnamerequest.md
  - docs/lib/utils/retryconfig.md
  - docs/sdks/cardinal/README.md
  - USAGE.md
  - .gitattributes
  - .devcontainer/README.md
  - .devcontainer/devcontainer.json
  - .devcontainer/setup.sh
  - src/hooks/hooks.ts
  - src/hooks/types.ts
  - src/hooks/index.ts
  - CONTRIBUTING.md
