lockVersion: 2.0.0
id: fc6bc2ef-bea2-433a-a006-bbd7c75eb7e5
management:
  docChecksum: bca4de5ed616447f5a60b1d34a234055
  docVersion: 0.0.1
  speakeasyVersion: 1.352.0
  generationVersion: 2.384.4
  releaseVersion: 0.2.2
  configChecksum: e54b7a7f6ee784433e085cd30e3d2e69
features:
  typescript:
    additionalDependencies: 0.1.0
    core: 3.11.12
    defaultEnabledRetries: 0.1.0
    envVarSecurityUsage: 0.1.0
    globalSecurityCallbacks: 0.1.0
    globalServerURLs: 2.82.4
    ignores: 2.81.1
    nameOverrides: 2.81.2
    responseFormat: 0.2.3
    retries: 2.83.0
    sdkHooks: 0.1.0
generatedFiles:
  - src/sdk/sdk.ts
  - .eslintrc.cjs
  - .npmignore
  - RUNTIMES.md
  - jsr.json
  - package.json
  - src/index.ts
  - src/lib/base64.ts
  - src/lib/config.ts
  - src/lib/dlv.ts
  - src/lib/encodings.ts
  - src/lib/http.ts
  - src/lib/is-plain-object.ts
  - src/lib/primitives.ts
  - src/lib/retries.ts
  - src/lib/schemas.ts
  - src/lib/sdks.ts
  - src/lib/security.ts
  - src/lib/url.ts
  - src/sdk/index.ts
  - src/models/errors/sdkerror.ts
  - src/models/errors/sdkvalidationerror.ts
  - src/types/blobs.ts
  - src/types/enums.ts
  - src/types/index.ts
  - src/types/operations.ts
  - src/types/rfcdate.ts
  - tsconfig.json
  - src/models/components/cardinalserverhandlercqlqueryresponse.ts
  - src/models/components/pkgworlddevworldenginecardinaltypesentitystateelement.ts
  - src/models/components/cardinalserverhandlercqlqueryrequest.ts
  - src/models/components/pkgworlddevworldenginecardinaltypesdebugstateelement.ts
  - src/models/components/cardinalserverhandlergethealthresponse.ts
  - src/models/components/cardinalserverhandlerlisttxreceiptsresponse.ts
  - src/models/components/cardinalserverhandlerreceiptentry.ts
  - src/models/components/cardinalserverhandlerlisttxreceiptsrequest.ts
  - src/models/components/cardinalserverhandlerposttransactionresponse.ts
  - src/models/components/cardinalserverhandlertransaction.ts
  - src/models/components/cardinalserverhandlergetworldresponse.ts
  - src/models/components/pkgworlddevworldenginecardinaltypesfielddetail.ts
  - src/models/operations/postquerygamequeryname.ts
  - src/models/operations/posttxgametxname.ts
  - src/models/errors/index.ts
  - src/models/components/index.ts
  - src/models/operations/index.ts
  - docs/models/components/cardinalserverhandlercqlqueryresponse.md
  - docs/models/components/data.md
  - docs/models/components/pkgworlddevworldenginecardinaltypesentitystateelement.md
  - docs/models/components/cardinalserverhandlercqlqueryrequest.md
  - docs/models/components/components.md
  - docs/models/components/pkgworlddevworldenginecardinaltypesdebugstateelement.md
  - docs/models/components/cardinalserverhandlergethealthresponse.md
  - docs/models/components/cardinalserverhandlerlisttxreceiptsresponse.md
  - docs/models/components/result.md
  - docs/models/components/cardinalserverhandlerreceiptentry.md
  - docs/models/components/cardinalserverhandlerlisttxreceiptsrequest.md
  - docs/models/components/cardinalserverhandlerposttransactionresponse.md
  - docs/models/components/body.md
  - docs/models/components/cardinalserverhandlertransaction.md
  - docs/models/components/cardinalserverhandlergetworldresponse.md
  - docs/models/components/fields.md
  - docs/models/components/pkgworlddevworldenginecardinaltypesfielddetail.md
  - docs/models/operations/postquerygamequerynamerequestbody.md
  - docs/models/operations/postquerygamequerynamerequest.md
  - docs/models/operations/postquerygamequerynameresponsebody.md
  - docs/models/operations/posttxgametxnamerequest.md
  - docs/lib/utils/retryconfig.md
  - docs/sdks/cardinal/README.md
  - USAGE.md
  - .gitattributes
  - src/hooks/hooks.ts
  - src/hooks/types.ts
  - src/hooks/index.ts
  - CONTRIBUTING.md
