lockVersion: 2.0.0
id: 156883ba-7f38-4ec6-b684-ccf304078a11
management:
  docChecksum: 44f39a76047e47cec71133d08394b41c
  docVersion: 0.0.1
  speakeasyVersion: 1.379.3
  generationVersion: 2.404.3
  releaseVersion: 0.12.4
  configChecksum: 742ec3e35d2e519dc8dc2adde0d9ce5a
features:
  typescript:
    additionalDependencies: 0.1.0
    core: 3.14.1
    defaultEnabledRetries: 0.1.0
    envVarSecurityUsage: 0.1.1
    globalSecurityCallbacks: 0.1.0
    globalServerURLs: 2.82.4
    globals: 2.82.1
    hiddenGlobals: 0.1.0
    ignores: 2.81.1
    nameOverrides: 2.81.2
    nullables: 0.1.0
    responseFormat: 0.2.3
    retries: 2.83.0
    sdkHooks: 0.1.0
generatedFiles:
  - src/funcs/queryCql.ts
  - src/funcs/getDebugState.ts
  - src/funcs/getHealth.ts
  - src/funcs/query.ts
  - src/funcs/getReceipts.ts
  - src/funcs/transact.ts
  - src/funcs/createPersona.ts
  - src/funcs/getWorld.ts
  - src/sdk/sdk.ts
  - .eslintrc.cjs
  - .npmignore
  - FUNCTIONS.md
  - RUNTIMES.md
  - jsr.json
  - package.json
  - src/core.ts
  - src/index.ts
  - src/lib/base64.ts
  - src/lib/config.ts
  - src/lib/dlv.ts
  - src/lib/encodings.ts
  - src/lib/http.ts
  - src/lib/is-plain-object.ts
  - src/lib/logger.ts
  - src/lib/matchers.ts
  - src/lib/primitives.ts
  - src/lib/retries.ts
  - src/lib/schemas.ts
  - src/lib/sdks.ts
  - src/lib/security.ts
  - src/lib/url.ts
  - src/sdk/index.ts
  - src/models/errors/httpclienterrors.ts
  - src/models/errors/sdkerror.ts
  - src/models/errors/sdkvalidationerror.ts
  - src/types/blobs.ts
  - src/types/constdatetime.ts
  - src/types/enums.ts
  - src/types/fp.ts
  - src/types/index.ts
  - src/types/operations.ts
  - src/types/rfcdate.ts
  - tsconfig.json
  - src/models/components/cqlqueryresponse.ts
  - src/models/components/entitystateelement.ts
  - src/models/components/cqlqueryrequest.ts
  - src/models/components/debugstateelement.ts
  - src/models/components/gethealthresponse.ts
  - src/models/components/getreceiptsresponse.ts
  - src/models/components/receiptentry.ts
  - src/models/components/getreceiptsrequest.ts
  - src/models/components/txresponse.ts
  - src/models/components/txbody.ts
  - src/models/components/getworldresponse.ts
  - src/models/components/worldfielddetail.ts
  - src/models/operations/postquerygamequeryname.ts
  - src/models/operations/posttxgametxname.ts
  - src/models/operations/posttxpersonacreatepersona.ts
  - src/models/errors/index.ts
  - src/models/components/index.ts
  - src/models/operations/index.ts
  - docs/models/components/cqlqueryresponse.md
  - docs/models/components/entitystateelement.md
  - docs/models/components/cqlqueryrequest.md
  - docs/models/components/debugstateelement.md
  - docs/models/components/gethealthresponse.md
  - docs/models/components/getreceiptsresponse.md
  - docs/models/components/result.md
  - docs/models/components/receiptentry.md
  - docs/models/components/getreceiptsrequest.md
  - docs/models/components/txresponse.md
  - docs/models/components/txbody.md
  - docs/models/components/getworldresponse.md
  - docs/models/components/worldfielddetail.md
  - docs/models/operations/postquerygamequerynamerequest.md
  - docs/models/operations/posttxgametxnameglobals.md
  - docs/models/operations/posttxgametxnamerequest.md
  - docs/models/operations/posttxpersonacreatepersonaglobals.md
  - docs/lib/utils/retryconfig.md
  - docs/sdks/cardinal/README.md
  - USAGE.md
  - .gitattributes
  - src/hooks/hooks.ts
  - src/hooks/types.ts
  - src/hooks/index.ts
  - CONTRIBUTING.md
