speakeasyVersion: 1.346.1
sources:
    Cardinal-OAS:
        sourceNamespace: cardinal-oas
        sourceRevisionDigest: sha256:7fbd5b1cd6fcaf84ee5dfbce7ee21a8dc023daf59345e9af041abc344e0c7037
        sourceBlobDigest: sha256:1da8f0bf0677aa13c17ea695edf9d54154114521f0cd10320e6e5c0e8d99e338
        tags:
            - latest
targets:
    cardinal:
        source: Cardinal-OAS
        sourceNamespace: cardinal-oas
        sourceRevisionDigest: sha256:7fbd5b1cd6fcaf84ee5dfbce7ee21a8dc023daf59345e9af041abc344e0c7037
        sourceBlobDigest: sha256:1da8f0bf0677aa13c17ea695edf9d54154114521f0cd10320e6e5c0e8d99e338
        outLocation: /var/home/rmrt1n/Containers/dev/Projects/argus/world-engine/cardinal/sdk/typescript
workflow:
    workflowVersion: 1.0.0
    sources:
        Cardinal-OAS:
            inputs:
                - location: ../../server/docs/openapi.json
            registry:
                location: registry.speakeasyapi.dev/argus-labs/argus-labs/cardinal-oas
    targets:
        cardinal:
            target: typescript
            source: Cardinal-OAS
