speakeasyVersion: 1.352.0
sources:
    cardinal:
        sourceNamespace: cardinal
        sourceRevisionDigest: sha256:4cc32242239a8a1d711fafed51ea35a0ac5047e15877ab6fd2e7d3bf41a61716
        sourceBlobDigest: sha256:0c2627da1d3124fd952e346bc3c92c28138b31c60eaac80735332a7a90ad9af3
        tags:
            - latest
targets:
    cardinal-ts:
        source: cardinal
        sourceNamespace: cardinal
        sourceRevisionDigest: sha256:4cc32242239a8a1d711fafed51ea35a0ac5047e15877ab6fd2e7d3bf41a61716
        sourceBlobDigest: sha256:0c2627da1d3124fd952e346bc3c92c28138b31c60eaac80735332a7a90ad9af3
        outLocation: cardinal/sdk/typescript
workflow:
    workflowVersion: 1.0.0
    speakeasyVersion: latest
    sources:
        cardinal:
            inputs:
                - location: cardinal/server/docs/openapi.json
            registry:
                location: registry.speakeasyapi.dev/argus-labs/argus-labs/cardinal
    targets:
        cardinal-ts:
            target: typescript
            source: cardinal
            output: cardinal/sdk/typescript
