speakeasyVersion: 1.377.1
sources:
    cardinal:
        sourceNamespace: cardinal
        sourceRevisionDigest: sha256:1eade4dddacf015b72f837558d10e85bd4b431d80f3e7230b83681c16bd41594
        sourceBlobDigest: sha256:4f00c390a89d9776758ab5af82be8e33ea9fc6b6e0ea17e8d7c76aa7d3b76a22
        tags:
            - latest
targets:
    cardinal-ts:
        source: cardinal
        sourceNamespace: cardinal
        sourceRevisionDigest: sha256:1eade4dddacf015b72f837558d10e85bd4b431d80f3e7230b83681c16bd41594
        sourceBlobDigest: sha256:4f00c390a89d9776758ab5af82be8e33ea9fc6b6e0ea17e8d7c76aa7d3b76a22
        outLocation: cardinal/sdk/typescript
workflow:
    workflowVersion: 1.0.0
    speakeasyVersion: latest
    sources:
        cardinal:
            inputs:
                - location: cardinal/server/docs/openapi.json
            registry:
                location: registry.speakeasyapi.dev/argus-labs/argus-labs/cardinal
    targets:
        cardinal-ts:
            target: typescript
            source: cardinal
            output: cardinal/sdk/typescript
