speakeasyVersion: 1.376.0
sources:
    cardinal:
        sourceNamespace: cardinal
        sourceRevisionDigest: sha256:f787048e00da6d2c172bdfea0dee9b3bd612686f409e7618274a72f7971137f7
        sourceBlobDigest: sha256:1236fbbe53272944397585c07feed82f57566b8a3f4629675d66fac557baabf1
        tags:
            - latest
targets:
    cardinal-ts:
        source: cardinal
        sourceNamespace: cardinal
        sourceRevisionDigest: sha256:f787048e00da6d2c172bdfea0dee9b3bd612686f409e7618274a72f7971137f7
        sourceBlobDigest: sha256:1236fbbe53272944397585c07feed82f57566b8a3f4629675d66fac557baabf1
        outLocation: cardinal/sdk/typescript
workflow:
    workflowVersion: 1.0.0
    speakeasyVersion: latest
    sources:
        cardinal:
            inputs:
                - location: cardinal/server/docs/openapi.json
            registry:
                location: registry.speakeasyapi.dev/argus-labs/argus-labs/cardinal
    targets:
        cardinal-ts:
            target: typescript
            source: cardinal
            output: cardinal/sdk/typescript
